
Microsoft Visual Studio Solution File, Format Version 12.00
# Visual Studio Version 16
VisualStudioVersion = 16.0.30711.63
MinimumVisualStudioVersion = 10.0.40219.1
Project("{FAE04EC0-301F-11D3-BF4B-00C04F79EFBC}") = "ООП_ЛР8_З1", "ООП_ЛР8_З1\ООП_ЛР8_З1.csproj", "{276CD676-B128-469F-B9E6-1D727C43EDD6}"
EndProject
Global
	GlobalSection(SolutionConfigurationPlatforms) = preSolution
		Debug|Any CPU = Debug|Any CPU
		Release|Any CPU = Release|Any CPU
	EndGlobalSection
	GlobalSection(ProjectConfigurationPlatforms) = postSolution
		{276CD676-B128-469F-B9E6-1D727C43EDD6}.Debug|Any CPU.Build.0 = Debug|Any CPU
		{276CD676-B128-469F-B9E6-1D727C43EDD6}.Release|Any CPU.ActiveCfg = Release|Any CPU
		{276CD676-B128-469F-B9E6-1D727C43EDD6}.Release|Any CPU.Build.0 = Release|Any CPU
	EndGlobalSection
	GlobalSection(SolutionProperties) = preSolution
		HideSolutionNode = FALSE
	EndGlobalSection
	GlobalSection(ExtensibilityGlobals) = postSolution
		SolutionGuid = {B49F11E5-D797-42A2-A5E0-C322DE1D2F12}
	EndGlobalSection
EndGlobal
