
Microsoft Visual Studio Solution File, Format Version 12.00
# Visual Studio Version 16
VisualStudioVersion = 16.0.30711.63
MinimumVisualStudioVersion = 10.0.40219.1
Project("{FAE04EC0-301F-11D3-BF4B-00C04F79EFBC}") = "ООП_ЛР8_З3", "ООП_ЛР8_З3\ООП_ЛР8_З3.csproj", "{AB4A7531-0C5B-410B-8F35-67EA6D266ED6}"
EndProject
Global
	GlobalSection(SolutionConfigurationPlatforms) = preSolution
		Debug|Any CPU = Debug|Any CPU
		Release|Any CPU = Release|Any CPU
	EndGlobalSection
	GlobalSection(ProjectConfigurationPlatforms) = postSolution
		{AB4A7531-0C5B-410B-8F35-67EA6D266ED6}.Debug|Any CPU.ActiveCfg = Debug|Any CPU
		{AB4A7531-0C5B-410B-8F35-67EA6D266ED6}.Debug|Any CPU.Build.0 = Debug|Any CPU
		{AB4A7531-0C5B-410B-8F35-67EA6D266ED6}.Release|Any CPU.ActiveCfg = Release|Any CPU
		{AB4A7531-0C5B-410B-8F35-67EA6D266ED6}.Release|Any CPU.Build.0 = Release|Any CPU
	EndGlobalSection
	GlobalSection(SolutionProperties) = preSolution
		HideSolutionNode = FALSE
	EndGlobalSection
	GlobalSection(ExtensibilityGlobals) = postSolution
		SolutionGuid = {644470CA-9818-4C84-A706-4D5EA1D78513}
	EndGlobalSection
EndGlobal
